
Microsoft Visual Studio Solution File, Format Version 12.00
# Visual Studio Version 17
VisualStudioVersion = 17.11.35312.102
MinimumVisualStudioVersion = 10.0.40219.1
Project("{FAE04EC0-301F-11D3-BF4B-00C04F79EFBC}") = "serkova_3s", "serkova_3s\serkova_3s.csproj", "{0237554A-E749-4917-B218-209FDE6057B1}"
EndProject
Global
	GlobalSection(SolutionConfigurationPlatforms) = preSolution
		Debug|Any CPU = Debug|Any CPU
		Release|Any CPU = Release|Any CPU
	EndGlobalSection
	GlobalSection(ProjectConfigurationPlatforms) = postSolution
		{0237554A-E749-4917-B218-209FDE6057B1}.Debug|Any CPU.ActiveCfg = Debug|Any CPU
		{0237554A-E749-4917-B218-209FDE6057B1}.Debug|Any CPU.Build.0 = Debug|Any CPU
		{0237554A-E749-4917-B218-209FDE6057B1}.Release|Any CPU.ActiveCfg = Release|Any CPU
		{0237554A-E749-4917-B218-209FDE6057B1}.Release|Any CPU.Build.0 = Release|Any CPU
	EndGlobalSection
	GlobalSection(SolutionProperties) = preSolution
		HideSolutionNode = FALSE
	EndGlobalSection
	GlobalSection(ExtensibilityGlobals) = postSolution
		SolutionGuid = {32474390-CAAE-47BB-B3D7-7AB5E91A1A76}
	EndGlobalSection
EndGlobal
